
Microsoft Visual Studio Solution File, Format Version 12.00
# Visual Studio Version 17
VisualStudioVersion = 17.10.35013.160
MinimumVisualStudioVersion = 10.0.40219.1
Project("{FAE04EC0-301F-11D3-BF4B-00C04F79EFBC}") = "AsalSayiBulma", "AsalSayiBulma\AsalSayiBulma.csproj", "{5BCD2B24-0F60-405F-8F3D-DF4F6DD4B5DC}"
EndProject
Project("{FAE04EC0-301F-11D3-BF4B-00C04F79EFBC}") = "DamaTahtası", "DamaTahtası\DamaTahtası.csproj", "{8947DF91-9768-4133-BEAB-10CEABA41934}"
EndProject
Global
	GlobalSection(SolutionConfigurationPlatforms) = preSolution
		Debug|Any CPU = Debug|Any CPU
		Release|Any CPU = Release|Any CPU
	EndGlobalSection
	GlobalSection(ProjectConfigurationPlatforms) = postSolution
		{5BCD2B24-0F60-405F-8F3D-DF4F6DD4B5DC}.Debug|Any CPU.ActiveCfg = Debug|Any CPU
		{5BCD2B24-0F60-405F-8F3D-DF4F6DD4B5DC}.Debug|Any CPU.Build.0 = Debug|Any CPU
		{5BCD2B24-0F60-405F-8F3D-DF4F6DD4B5DC}.Release|Any CPU.ActiveCfg = Release|Any CPU
		{5BCD2B24-0F60-405F-8F3D-DF4F6DD4B5DC}.Release|Any CPU.Build.0 = Release|Any CPU
		{8947DF91-9768-4133-BEAB-10CEABA41934}.Debug|Any CPU.ActiveCfg = Debug|Any CPU
		{8947DF91-9768-4133-BEAB-10CEABA41934}.Debug|Any CPU.Build.0 = Debug|Any CPU
		{8947DF91-9768-4133-BEAB-10CEABA41934}.Release|Any CPU.ActiveCfg = Release|Any CPU
		{8947DF91-9768-4133-BEAB-10CEABA41934}.Release|Any CPU.Build.0 = Release|Any CPU
	EndGlobalSection
	GlobalSection(SolutionProperties) = preSolution
		HideSolutionNode = FALSE
	EndGlobalSection
	GlobalSection(ExtensibilityGlobals) = postSolution
		SolutionGuid = {051E0CDD-1C14-429E-B8D9-2096F337D577}
	EndGlobalSection
EndGlobal
